
Microsoft Visual Studio Solution File, Format Version 12.00
# Visual Studio Version 17
VisualStudioVersion = 17.5.002.0
MinimumVisualStudioVersion = 10.0.40219.1
Project("{9A19103F-16F7-4668-BE54-9A1E7A4F7556}") = "WebApplication", "WebApplication.csproj", "{5FE9E68E-DC6A-41A9-A81B-D1BD6F89489C}"
EndProject
Global
	GlobalSection(SolutionConfigurationPlatforms) = preSolution
		Debug|Any CPU = Debug|Any CPU
		Release|Any CPU = Release|Any CPU
	EndGlobalSection
	GlobalSection(ProjectConfigurationPlatforms) = postSolution
		{5FE9E68E-DC6A-41A9-A81B-D1BD6F89489C}.Debug|Any CPU.ActiveCfg = Debug|Any CPU
		{5FE9E68E-DC6A-41A9-A81B-D1BD6F89489C}.Debug|Any CPU.Build.0 = Debug|Any CPU
		{5FE9E68E-DC6A-41A9-A81B-D1BD6F89489C}.Release|Any CPU.ActiveCfg = Release|Any CPU
		{5FE9E68E-DC6A-41A9-A81B-D1BD6F89489C}.Release|Any CPU.Build.0 = Release|Any CPU
	EndGlobalSection
	GlobalSection(SolutionProperties) = preSolution
		HideSolutionNode = FALSE
	EndGlobalSection
	GlobalSection(ExtensibilityGlobals) = postSolution
		SolutionGuid = {0CA04840-A9A2-4AAE-944A-20C14DF2D6CC}
	EndGlobalSection
EndGlobal
